// !$*UTF8*$!
{
	archiveVersion = 1;
	classes = {
	};
	objectVersion = 50;
	objects = {

/* Begin PBXBuildFile section */
		089700DC2282A35E00F77D75 /* AppDelegate.swift in Sources */ = {isa = PBXBuildFile; fileRef = 089700DB2282A35E00F77D75 /* AppDelegate.swift */; };
		089700DE2282A35E00F77D75 /* art.scnassets in Resources */ = {isa = PBXBuildFile; fileRef = 089700DD2282A35E00F77D75 /* art.scnassets */; };
		089700E02282A35E00F77D75 /* ViewController.swift in Sources */ = {isa = PBXBuildFile; fileRef = 089700DF2282A35E00F77D75 /* ViewController.swift */; };
		089700E32282A35E00F77D75 /* Main.storyboard in Resources */ = {isa = PBXBuildFile; fileRef = 089700E12282A35E00F77D75 /* Main.storyboard */; };
		089700E52282A36000F77D75 /* Assets.xcassets in Resources */ = {isa = PBXBuildFile; fileRef = 089700E42282A36000F77D75 /* Assets.xcassets */; };
		089700E82282A36000F77D75 /* LaunchScreen.storyboard in Resources */ = {isa = PBXBuildFile; fileRef = 089700E62282A36000F77D75 /* LaunchScreen.storyboard */; };
		08F7902A2287B54D001BC821 /* TableViewController.swift in Sources */ = {isa = PBXBuildFile; fileRef = 08F790292287B54D001BC821 /* TableViewController.swift */; };
		08F7902C2287B59B001BC821 /* FLowerClassifier.mlmodel in Sources */ = {isa = PBXBuildFile; fileRef = 08F7902B2287B59B001BC821 /* FLowerClassifier.mlmodel */; };
/* End PBXBuildFile section */

/* Begin PBXFileReference section */
		089700D82282A35E00F77D75 /* FlowAR.app */ = {isa = PBXFileReference; explicitFileType = wrapper.application; includeInIndex = 0; path = FlowAR.app; sourceTree = BUILT_PRODUCTS_DIR; };
		089700DB2282A35E00F77D75 /* AppDelegate.swift */ = {isa = PBXFileReference; lastKnownFileType = sourcecode.swift; path = AppDelegate.swift; sourceTree = "<group>"; };
		089700DD2282A35E00F77D75 /* art.scnassets */ = {isa = PBXFileReference; lastKnownFileType = wrapper.scnassets; path = art.scnassets; sourceTree = "<group>"; };
		089700DF2282A35E00F77D75 /* ViewController.swift */ = {isa = PBXFileReference; lastKnownFileType = sourcecode.swift; path = ViewController.swift; sourceTree = "<group>"; };
		089700E22282A35E00F77D75 /* Base */ = {isa = PBXFileReference; lastKnownFileType = file.storyboard; name = Base; path = Base.lproj/Main.storyboard; sourceTree = "<group>"; };
		089700E42282A36000F77D75 /* Assets.xcassets */ = {isa = PBXFileReference; lastKnownFileType = folder.assetcatalog; path = Assets.xcassets; sourceTree = "<group>"; };
		089700E72282A36000F77D75 /* Base */ = {isa = PBXFileReference; lastKnownFileType = file.storyboard; name = Base; path = Base.lproj/LaunchScreen.storyboard; sourceTree = "<group>"; };
		089700E92282A36000F77D75 /* Info.plist */ = {isa = PBXFileReference; lastKnownFileType = text.plist.xml; path = Info.plist; sourceTree = "<group>"; };
		08F790292287B54D001BC821 /* TableViewController.swift */ = {isa = PBXFileReference; lastKnownFileType = sourcecode.swift; path = TableViewController.swift; sourceTree = "<group>"; };
		08F7902B2287B59B001BC821 /* FLowerClassifier.mlmodel */ = {isa = PBXFileReference; lastKnownFileType = file.mlmodel; path = FLowerClassifier.mlmodel; sourceTree = "<group>"; };
/* End PBXFileReference section */

/* Begin PBXFrameworksBuildPhase section */
		089700D52282A35E00F77D75 /* Frameworks */ = {
			isa = PBXFrameworksBuildPhase;
			buildActionMask = 2147483647;
			files = (
			);
			runOnlyForDeploymentPostprocessing = 0;
		};
/* End PBXFrameworksBuildPhase section */

/* Begin PBXGroup section */
		089700CF2282A35E00F77D75 = {
			isa = PBXGroup;
			children = (
				089700DA2282A35E00F77D75 /* FlowAR */,
				089700D92282A35E00F77D75 /* Products */,
			);
			sourceTree = "<group>";
		};
		089700D92282A35E00F77D75 /* Products */ = {
			isa = PBXGroup;
			children = (
				089700D82282A35E00F77D75 /* FlowAR.app */,
			);
			name = Products;
			sourceTree = "<group>";
		};
		089700DA2282A35E00F77D75 /* FlowAR */ = {
			isa = PBXGroup;
			children = (
				089700DB2282A35E00F77D75 /* AppDelegate.swift */,
				089700DD2282A35E00F77D75 /* art.scnassets */,
				089700DF2282A35E00F77D75 /* ViewController.swift */,
				08F790292287B54D001BC821 /* TableViewController.swift */,
				089700E12282A35E00F77D75 /* Main.storyboard */,
				08F7902B2287B59B001BC821 /* FLowerClassifier.mlmodel */,
				089700E42282A36000F77D75 /* Assets.xcassets */,
				089700E62282A36000F77D75 /* LaunchScreen.storyboard */,
				089700E92282A36000F77D75 /* Info.plist */,
			);
			path = FlowAR;
			sourceTree = "<group>";
		};
/* End PBXGroup section */

/* Begin PBXNativeTarget section */
		089700D72282A35E00F77D75 /* FlowAR */ = {
			isa = PBXNativeTarget;
			buildConfigurationList = 089700EC2282A36000F77D75 /* Build configuration list for PBXNativeTarget "FlowAR" */;
			buildPhases = (
				089700D42282A35E00F77D75 /* Sources */,
				089700D52282A35E00F77D75 /* Frameworks */,
				089700D62282A35E00F77D75 /* Resources */,
			);
			buildRules = (
			);
			dependencies = (
			);
			name = FlowAR;
			productName = FlowAR;
			productReference = 089700D82282A35E00F77D75 /* FlowAR.app */;
			productType = "com.apple.product-type.application";
		};
/* End PBXNativeTarget section */

/* Begin PBXProject section */
		089700D02282A35E00F77D75 /* Project object */ = {
			isa = PBXProject;
			attributes = {
				LastSwiftUpdateCheck = 1020;
				LastUpgradeCheck = 1020;
				ORGANIZATIONNAME = "Josh Bourke";
				TargetAttributes = {
					089700D72282A35E00F77D75 = {
						CreatedOnToolsVersion = 10.2.1;
					};
				};
			};
			buildConfigurationList = 089700D32282A35E00F77D75 /* Build configuration list for PBXProject "FlowAR" */;
			compatibilityVersion = "Xcode 9.3";
			developmentRegion = en;
			hasScannedForEncodings = 0;
			knownRegions = (
				en,
				Base,
			);
			mainGroup = 089700CF2282A35E00F77D75;
			productRefGroup = 089700D92282A35E00F77D75 /* Products */;
			projectDirPath = "";
			projectRoot = "";
			targets = (
				089700D72282A35E00F77D75 /* FlowAR */,
			);
		};
/* End PBXProject section */

/* Begin PBXResourcesBuildPhase section */
		089700D62282A35E00F77D75 /* Resources */ = {
			isa = PBXResourcesBuildPhase;
			buildActionMask = 2147483647;
			files = (
				089700DE2282A35E00F77D75 /* art.scnassets in Resources */,
				089700E82282A36000F77D75 /* LaunchScreen.storyboard in Resources */,
				089700E52282A36000F77D75 /* Assets.xcassets in Resources */,
				089700E32282A35E00F77D75 /* Main.storyboard in Resources */,
			);
			runOnlyForDeploymentPostprocessing = 0;
		};
/* End PBXResourcesBuildPhase section */

/* Begin PBXSourcesBuildPhase section */
		089700D42282A35E00F77D75 /* Sources */ = {
			isa = PBXSourcesBuildPhase;
			buildActionMask = 2147483647;
			files = (
				08F7902C2287B59B001BC821 /* FLowerClassifier.mlmodel in Sources */,
				089700E02282A35E00F77D75 /* ViewController.swift in Sources */,
				08F7902A2287B54D001BC821 /* TableViewController.swift in Sources */,
				089700DC2282A35E00F77D75 /* AppDelegate.swift in Sources */,
			);
			runOnlyForDeploymentPostprocessing = 0;
		};
/* End PBXSourcesBuildPhase section */

/* Begin PBXVariantGroup section */
		089700E12282A35E00F77D75 /* Main.storyboard */ = {
			isa = PBXVariantGroup;
			children = (
				089700E22282A35E00F77D75 /* Base */,
			);
			name = Main.storyboard;
			sourceTree = "<group>";
		};
		089700E62282A36000F77D75 /* LaunchScreen.storyboard */ = {
			isa = PBXVariantGroup;
			children = (
				089700E72282A36000F77D75 /* Base */,
			);
			name = LaunchScreen.storyboard;
			sourceTree = "<group>";
		};
/* End PBXVariantGroup section */

/* Begin XCBuildConfiguration section */
		089700EA2282A36000F77D75 /* Debug */ = {
			isa = XCBuildConfiguration;
			buildSettings = {
				ALWAYS_SEARCH_USER_PATHS = NO;
				CLANG_ANALYZER_NONNULL = YES;
				CLANG_ANALYZER_NUMBER_OBJECT_CONVERSION = YES_AGGRESSIVE;
				CLANG_CXX_LANGUAGE_STANDARD = "gnu++14";
				CLANG_CXX_LIBRARY = "libc++";
				CLANG_ENABLE_MODULES = YES;
				CLANG_ENABLE_OBJC_ARC = YES;
				CLANG_ENABLE_OBJC_WEAK = YES;
				CLANG_WARN_BLOCK_CAPTURE_AUTORELEASING = YES;
				CLANG_WARN_BOOL_CONVERSION = YES;
				CLANG_WARN_COMMA = YES;
				CLANG_WARN_CONSTANT_CONVERSION = YES;
				CLANG_WARN_DEPRECATED_OBJC_IMPLEMENTATIONS = YES;
				CLANG_WARN_DIRECT_OBJC_ISA_USAGE = YES_ERROR;
				CLANG_WARN_DOCUMENTATION_COMMENTS = YES;
				CLANG_WARN_EMPTY_BODY = YES;
				CLANG_WARN_ENUM_CONVERSION = YES;
				CLANG_WARN_INFINITE_RECURSION = YES;
				CLANG_WARN_INT_CONVERSION = YES;
				CLANG_WARN_NON_LITERAL_NULL_CONVERSION = YES;
				CLANG_WARN_OBJC_IMPLICIT_RETAIN_SELF = YES;
				CLANG_WARN_OBJC_LITERAL_CONVERSION = YES;
				CLANG_WARN_OBJC_ROOT_CLASS = YES_ERROR;
				CLANG_WARN_RANGE_LOOP_ANALYSIS = YES;
				CLANG_WARN_STRICT_PROTOTYPES = YES;
				CLANG_WARN_SUSPICIOUS_MOVE = YES;
				CLANG_WARN_UNGUARDED_AVAILABILITY = YES_AGGRESSIVE;
				CLANG_WARN_UNREACHABLE_CODE = YES;
				CLANG_WARN__DUPLICATE_METHOD_MATCH = YES;
				CODE_SIGN_IDENTITY = "iPhone Developer";
				COPY_PHASE_STRIP = NO;
				DEBUG_INFORMATION_FORMAT = dwarf;
				ENABLE_STRICT_OBJC_MSGSEND = YES;
				ENABLE_TESTABILITY = YES;
				GCC_C_LANGUAGE_STANDARD = gnu11;
				GCC_DYNAMIC_NO_PIC = NO;
				GCC_NO_COMMON_BLOCKS = YES;
				GCC_OPTIMIZATION_LEVEL = 0;
				GCC_PREPROCESSOR_DEFINITIONS = (
					"DEBUG=1",
					"$(inherited)",
				);
				GCC_WARN_64_TO_32_BIT_CONVERSION = YES;
				GCC_WARN_ABOUT_RETURN_TYPE = YES_ERROR;
				GCC_WARN_UNDECLARED_SELECTOR = YES;
				GCC_WARN_UNINITIALIZED_AUTOS = YES_AGGRESSIVE;
				GCC_WARN_UNUSED_FUNCTION = YES;
				GCC_WARN_UNUSED_VARIABLE = YES;
				IPHONEOS_DEPLOYMENT_TARGET = 12.2;
				MTL_ENABLE_DEBUG_INFO = INCLUDE_SOURCE;
				MTL_FAST_MATH = YES;
				ONLY_ACTIVE_ARCH = YES;
				SDKROOT = iphoneos;
				SWIFT_ACTIVE_COMPILATION_CONDITIONS = DEBUG;
				SWIFT_OPTIMIZATION_LEVEL = "-Onone";
			};
			name = Debug;
		};
		089700EB2282A36000F77D75 /* Release */ = {
			isa = XCBuildConfiguration;
			buildSettings = {
				ALWAYS_SEARCH_USER_PATHS = NO;
				CLANG_ANALYZER_NONNULL = YES;
				CLANG_ANALYZER_NUMBER_OBJECT_CONVERSION = YES_AGGRESSIVE;
				CLANG_CXX_LANGUAGE_STANDARD = "gnu++14";
				CLANG_CXX_LIBRARY = "libc++";
				CLANG_ENABLE_MODULES = YES;
				CLANG_ENABLE_OBJC_ARC = YES;
				CLANG_ENABLE_OBJC_WEAK = YES;
				CLANG_WARN_BLOCK_CAPTURE_AUTORELEASING = YES;
				CLANG_WARN_BOOL_CONVERSION = YES;
				CLANG_WARN_COMMA = YES;
				CLANG_WARN_CONSTANT_CONVERSION = YES;
				CLANG_WARN_DEPRECATED_OBJC_IMPLEMENTATIONS = YES;
				CLANG_WARN_DIRECT_OBJC_ISA_USAGE = YES_ERROR;
				CLANG_WARN_DOCUMENTATION_COMMENTS = YES;
				CLANG_WARN_EMPTY_BODY = YES;
				CLANG_WARN_ENUM_CONVERSION = YES;
				CLANG_WARN_INFINITE_RECURSION = YES;
				CLANG_WARN_INT_CONVERSION = YES;
				CLANG_WARN_NON_LITERAL_NULL_CONVERSION = YES;
				CLANG_WARN_OBJC_IMPLICIT_RETAIN_SELF = YES;
				CLANG_WARN_OBJC_LITERAL_CONVERSION = YES;
				CLANG_WARN_OBJC_ROOT_CLASS = YES_ERROR;
				CLANG_WARN_RANGE_LOOP_ANALYSIS = YES;
				CLANG_WARN_STRICT_PROTOTYPES = YES;
				CLANG_WARN_SUSPICIOUS_MOVE = YES;
				CLANG_WARN_UNGUARDED_AVAILABILITY = YES_AGGRESSIVE;
				CLANG_WARN_UNREACHABLE_CODE = YES;
				CLANG_WARN__DUPLICATE_METHOD_MATCH = YES;
				CODE_SIGN_IDENTITY = "iPhone Developer";
				COPY_PHASE_STRIP = NO;
				DEBUG_INFORMATION_FORMAT = "dwarf-with-dsym";
				ENABLE_NS_ASSERTIONS = NO;
				ENABLE_STRICT_OBJC_MSGSEND = YES;
				GCC_C_LANGUAGE_STANDARD = gnu11;
				GCC_NO_COMMON_BLOCKS = YES;
				GCC_WARN_64_TO_32_BIT_CONVERSION = YES;
				GCC_WARN_ABOUT_RETURN_TYPE = YES_ERROR;
				GCC_WARN_UNDECLARED_SELECTOR = YES;
				GCC_WARN_UNINITIALIZED_AUTOS = YES_AGGRESSIVE;
				GCC_WARN_UNUSED_FUNCTION = YES;
				GCC_WARN_UNUSED_VARIABLE = YES;
				IPHONEOS_DEPLOYMENT_TARGET = 12.2;
				MTL_ENABLE_DEBUG_INFO = NO;
				MTL_FAST_MATH = YES;
				SDKROOT = iphoneos;
				SWIFT_COMPILATION_MODE = wholemodule;
				SWIFT_OPTIMIZATION_LEVEL = "-O";
				VALIDATE_PRODUCT = YES;
			};
			name = Release;
		};
		089700ED2282A36000F77D75 /* Debug */ = {
			isa = XCBuildConfiguration;
			buildSettings = {
				ASSETCATALOG_COMPILER_APPICON_NAME = AppIcon;
				CODE_SIGN_STYLE = Automatic;
				DEVELOPMENT_TEAM = TT2K57S6Q3;
				INFOPLIST_FILE = FlowAR/Info.plist;
				LD_RUNPATH_SEARCH_PATHS = (
					"$(inherited)",
					"@executable_path/Frameworks",
				);
				PRODUCT_BUNDLE_IDENTIFIER = com.JoshBourke.FlowAR;
				PRODUCT_NAME = "$(TARGET_NAME)";
				SWIFT_VERSION = 5.0;
				TARGETED_DEVICE_FAMILY = "1,2";
			};
			name = Debug;
		};
		089700EE2282A36000F77D75 /* Release */ = {
			isa = XCBuildConfiguration;
			buildSettings = {
				ASSETCATALOG_COMPILER_APPICON_NAME = AppIcon;
				CODE_SIGN_STYLE = Automatic;
				DEVELOPMENT_TEAM = TT2K57S6Q3;
				INFOPLIST_FILE = FlowAR/Info.plist;
				LD_RUNPATH_SEARCH_PATHS = (
					"$(inherited)",
					"@executable_path/Frameworks",
				);
				PRODUCT_BUNDLE_IDENTIFIER = com.JoshBourke.FlowAR;
				PRODUCT_NAME = "$(TARGET_NAME)";
				SWIFT_VERSION = 5.0;
				TARGETED_DEVICE_FAMILY = "1,2";
			};
			name = Release;
		};
/* End XCBuildConfiguration section */

/* Begin XCConfigurationList section */
		089700D32282A35E00F77D75 /* Build configuration list for PBXProject "FlowAR" */ = {
			isa = XCConfigurationList;
			buildConfigurations = (
				089700EA2282A36000F77D75 /* Debug */,
				089700EB2282A36000F77D75 /* Release */,
			);
			defaultConfigurationIsVisible = 0;
			defaultConfigurationName = Release;
		};
		089700EC2282A36000F77D75 /* Build configuration list for PBXNativeTarget "FlowAR" */ = {
			isa = XCConfigurationList;
			buildConfigurations = (
				089700ED2282A36000F77D75 /* Debug */,
				089700EE2282A36000F77D75 /* Release */,
			);
			defaultConfigurationIsVisible = 0;
			defaultConfigurationName = Release;
		};
/* End XCConfigurationList section */
	};
	rootObject = 089700D02282A35E00F77D75 /* Project object */;
}
